github.com/gorilla/mux v1.8.0 h1:i40aqfkR1h2SlN9hojwV5ZA91wcXFOvkdNIeFDP5koI=
github.com/gorilla/mux v1.8.0/go.mod h1:DVbg23sWSpFRCP0SfiEN6jmj59UnW/n46BH5rLB71So=
github.com/ultra-supara/go_myapi v0.0.0-20230103062220-6ea64fd7b219 h1:SUrtKPcFMroM+TXEVWjxIQjR009rXCnK97KIgM8pEcs=
github.com/ultra-supara/go_myapi v0.0.0-20230103062220-6ea64fd7b219/go.mod h1:GQ6Z8HCF5pNSukQwoX3UnWKRn1LIuKYZTbCBGMvb+F8=
